<Solution>
  <Folder Name="/cli/">
    <Project Path="cli/Clipwell.Cli.csproj" />
  </Folder>
  <Folder Name="/daemon/">
    <Project Path="daemon/Clipwell.Daemon.csproj" />
  </Folder>
  <Folder Name="/mcp/">
    <Project Path="mcp/Clipwell.Mcp.csproj" />
  </Folder>
  <Folder Name="/protocol/">
    <Project Path="protocol/Clipwell.Protocol.csproj" />
  </Folder>
  <Folder Name="/ui/">
    <Project Path="ui/Clipwell.Ui.csproj" />
  </Folder>
</Solution>
